
Microsoft Visual Studio Solution File, Format Version 12.00
# Visual Studio Version 17
VisualStudioVersion = 17.9.34701.34
MinimumVisualStudioVersion = 10.0.40219.1
Project("{FAE04EC0-301F-11D3-BF4B-00C04F79EFBC}") = "AbstractAnimalClass", "AbstractAnimalClass.csproj", "{8F6BF250-059D-4A9D-93BE-AE655350EF83}"
EndProject
Global
	GlobalSection(SolutionConfigurationPlatforms) = preSolution
		Debug|Any CPU = Debug|Any CPU
		Release|Any CPU = Release|Any CPU
	EndGlobalSection
	GlobalSection(ProjectConfigurationPlatforms) = postSolution
		{8F6BF250-059D-4A9D-93BE-AE655350EF83}.Debug|Any CPU.ActiveCfg = Debug|Any CPU
		{8F6BF250-059D-4A9D-93BE-AE655350EF83}.Debug|Any CPU.Build.0 = Debug|Any CPU
		{8F6BF250-059D-4A9D-93BE-AE655350EF83}.Release|Any CPU.ActiveCfg = Release|Any CPU
		{8F6BF250-059D-4A9D-93BE-AE655350EF83}.Release|Any CPU.Build.0 = Release|Any CPU
	EndGlobalSection
	GlobalSection(SolutionProperties) = preSolution
		HideSolutionNode = FALSE
	EndGlobalSection
	GlobalSection(ExtensibilityGlobals) = postSolution
		SolutionGuid = {98AF8419-3113-4C2E-AA2C-247F5A1C3006}
	EndGlobalSection
EndGlobal
